
Microsoft Visual Studio Solution File, Format Version 12.00
# Visual Studio 15
VisualStudioVersion = 15.0.28307.1300
MinimumVisualStudioVersion = 10.0.40219.1
Project("{FAE04EC0-301F-11D3-BF4B-00C04F79EFBC}") = "Mod_Sim", "Mod_Sim\Mod_Sim.csproj", "{616A820D-71DC-46CC-A2AB-237E0EF6F421}"
EndProject
Global
	GlobalSection(SolutionConfigurationPlatforms) = preSolution
		Debug|Any CPU = Debug|Any CPU
		Release|Any CPU = Release|Any CPU
	EndGlobalSection
	GlobalSection(ProjectConfigurationPlatforms) = postSolution
		{616A820D-71DC-46CC-A2AB-237E0EF6F421}.Debug|Any CPU.ActiveCfg = Debug|Any CPU
		{616A820D-71DC-46CC-A2AB-237E0EF6F421}.Debug|Any CPU.Build.0 = Debug|Any CPU
		{616A820D-71DC-46CC-A2AB-237E0EF6F421}.Release|Any CPU.ActiveCfg = Release|Any CPU
		{616A820D-71DC-46CC-A2AB-237E0EF6F421}.Release|Any CPU.Build.0 = Release|Any CPU
	EndGlobalSection
	GlobalSection(SolutionProperties) = preSolution
		HideSolutionNode = FALSE
	EndGlobalSection
	GlobalSection(ExtensibilityGlobals) = postSolution
		SolutionGuid = {E01E3988-7963-4B00-AFAB-03A2734FF764}
	EndGlobalSection
EndGlobal
